
Microsoft Visual Studio Solution File, Format Version 12.00
Project("{2150E333-8FDC-42A3-9474-1A3956D46DE8}") = "Providers", "Providers", "{3B84FA98-DDB5-424C-9E0B-803CF89A0480}"
EndProject
Project("{FAE04EC0-301F-11D3-BF4B-00C04F79EFBC}") = "Core", "Core\Core.csproj", "{89473614-3375-4624-92C2-01019BAF5A35}"
EndProject
Project("{FAE04EC0-301F-11D3-BF4B-00C04F79EFBC}") = "Data.EF", "Data.EF\Data.EF.csproj", "{0BAF3E12-9901-4874-B3F2-C42EDD74E52D}"
EndProject
Project("{FAE04EC0-301F-11D3-BF4B-00C04F79EFBC}") = "Data.Abstractions", "Data.Abstractions\Data.Abstractions.csproj", "{17158A78-43BE-4BA2-B554-6750E597F08F}"
EndProject
Project("{FAE04EC0-301F-11D3-BF4B-00C04F79EFBC}") = "Application", "Application\Application.csproj", "{8DB15E70-7132-4D26-9B15-9957A8046D46}"
EndProject
Project("{2150E333-8FDC-42A3-9474-1A3956D46DE8}") = "Data", "Data", "{D47A46D2-75F6-4DAA-B626-E49CECBBD81E}"
EndProject
Project("{FAE04EC0-301F-11D3-BF4B-00C04F79EFBC}") = "Storages.MinIO", "Providers\Storages.MinIO\Storages.MinIO.csproj", "{19D50B2A-19C6-4052-A924-8130346263A1}"
EndProject
Project("{2150E333-8FDC-42A3-9474-1A3956D46DE8}") = "Docker", "Docker", "{313DBB27-8C73-401A-A93D-BD14F578E530}"
	ProjectSection(SolutionItems) = preProject
		Dockerfile = Dockerfile
		.dockerignore = .dockerignore
	EndProjectSection
EndProject
Project("{2150E333-8FDC-42A3-9474-1A3956D46DE8}") = "Application", "Application", "{7B2519B6-34ED-40D8-9D46-3C69E4BDDD93}"
EndProject
Project("{2150E333-8FDC-42A3-9474-1A3956D46DE8}") = "Libraries", "Libraries", "{9344A489-6AC0-47DA-AC2A-2F21CDEDB159}"
EndProject
Project("{FAE04EC0-301F-11D3-BF4B-00C04F79EFBC}") = "Storages.Abstractions", "Providers\Storages.Abstractions\Storages.Abstractions.csproj", "{115F00E1-3C0D-4B7C-A48E-840FFBA76410}"
EndProject
Project("{2150E333-8FDC-42A3-9474-1A3956D46DE8}") = "FileProccessors", "FileProccessors", "{21C1A48E-C80F-471B-A092-C70EC02C700F}"
EndProject
Project("{FAE04EC0-301F-11D3-BF4B-00C04F79EFBC}") = "FileProcessor.Abstractions", "Libraries\FileProccessors\FileProcessor.Abstractions\FileProcessor.Abstractions.csproj", "{65D88CBC-4366-47B1-8FCC-85D0C09D9D6B}"
EndProject
Project("{FAE04EC0-301F-11D3-BF4B-00C04F79EFBC}") = "FileProcessor.Images.SixLabors", "Libraries\FileProccessors\FileProcessor.Images.SixLabors\FileProcessor.Images.SixLabors.csproj", "{B6B911F7-1CC6-4FD8-93E2-1E252C85B4CD}"
EndProject
Project("{2150E333-8FDC-42A3-9474-1A3956D46DE8}") = "Caching", "Caching", "{5281E870-2A40-41BC-9F50-842E36039FB0}"
EndProject
Project("{FAE04EC0-301F-11D3-BF4B-00C04F79EFBC}") = "Data.Caching.Abstractions", "Data.Caching.Abstractions\Data.Caching.Abstractions.csproj", "{A41E6740-C08A-4F87-AE67-3CD1A0FC8028}"
EndProject
Project("{FAE04EC0-301F-11D3-BF4B-00C04F79EFBC}") = "Data.Caching.InMemory", "Data.Caching.InMemory\Data.Caching.InMemory.csproj", "{4F937AD4-CC98-43B1-91D3-E2510E447138}"
EndProject
Global
	GlobalSection(SolutionConfigurationPlatforms) = preSolution
		Debug|Any CPU = Debug|Any CPU
		Release|Any CPU = Release|Any CPU
	EndGlobalSection
	GlobalSection(ProjectConfigurationPlatforms) = postSolution
		{89473614-3375-4624-92C2-01019BAF5A35}.Debug|Any CPU.ActiveCfg = Debug|Any CPU
		{89473614-3375-4624-92C2-01019BAF5A35}.Debug|Any CPU.Build.0 = Debug|Any CPU
		{89473614-3375-4624-92C2-01019BAF5A35}.Release|Any CPU.ActiveCfg = Release|Any CPU
		{89473614-3375-4624-92C2-01019BAF5A35}.Release|Any CPU.Build.0 = Release|Any CPU
		{0BAF3E12-9901-4874-B3F2-C42EDD74E52D}.Debug|Any CPU.ActiveCfg = Debug|Any CPU
		{0BAF3E12-9901-4874-B3F2-C42EDD74E52D}.Debug|Any CPU.Build.0 = Debug|Any CPU
		{0BAF3E12-9901-4874-B3F2-C42EDD74E52D}.Release|Any CPU.ActiveCfg = Release|Any CPU
		{0BAF3E12-9901-4874-B3F2-C42EDD74E52D}.Release|Any CPU.Build.0 = Release|Any CPU
		{17158A78-43BE-4BA2-B554-6750E597F08F}.Debug|Any CPU.ActiveCfg = Debug|Any CPU
		{17158A78-43BE-4BA2-B554-6750E597F08F}.Debug|Any CPU.Build.0 = Debug|Any CPU
		{17158A78-43BE-4BA2-B554-6750E597F08F}.Release|Any CPU.ActiveCfg = Release|Any CPU
		{17158A78-43BE-4BA2-B554-6750E597F08F}.Release|Any CPU.Build.0 = Release|Any CPU
		{8DB15E70-7132-4D26-9B15-9957A8046D46}.Debug|Any CPU.ActiveCfg = Debug|Any CPU
		{8DB15E70-7132-4D26-9B15-9957A8046D46}.Debug|Any CPU.Build.0 = Debug|Any CPU
		{8DB15E70-7132-4D26-9B15-9957A8046D46}.Release|Any CPU.ActiveCfg = Release|Any CPU
		{8DB15E70-7132-4D26-9B15-9957A8046D46}.Release|Any CPU.Build.0 = Release|Any CPU
		{19D50B2A-19C6-4052-A924-8130346263A1}.Debug|Any CPU.ActiveCfg = Debug|Any CPU
		{19D50B2A-19C6-4052-A924-8130346263A1}.Debug|Any CPU.Build.0 = Debug|Any CPU
		{19D50B2A-19C6-4052-A924-8130346263A1}.Release|Any CPU.ActiveCfg = Release|Any CPU
		{19D50B2A-19C6-4052-A924-8130346263A1}.Release|Any CPU.Build.0 = Release|Any CPU
		{115F00E1-3C0D-4B7C-A48E-840FFBA76410}.Debug|Any CPU.ActiveCfg = Debug|Any CPU
		{115F00E1-3C0D-4B7C-A48E-840FFBA76410}.Debug|Any CPU.Build.0 = Debug|Any CPU
		{115F00E1-3C0D-4B7C-A48E-840FFBA76410}.Release|Any CPU.ActiveCfg = Release|Any CPU
		{115F00E1-3C0D-4B7C-A48E-840FFBA76410}.Release|Any CPU.Build.0 = Release|Any CPU
		{65D88CBC-4366-47B1-8FCC-85D0C09D9D6B}.Debug|Any CPU.ActiveCfg = Debug|Any CPU
		{65D88CBC-4366-47B1-8FCC-85D0C09D9D6B}.Debug|Any CPU.Build.0 = Debug|Any CPU
		{65D88CBC-4366-47B1-8FCC-85D0C09D9D6B}.Release|Any CPU.ActiveCfg = Release|Any CPU
		{65D88CBC-4366-47B1-8FCC-85D0C09D9D6B}.Release|Any CPU.Build.0 = Release|Any CPU
		{B6B911F7-1CC6-4FD8-93E2-1E252C85B4CD}.Debug|Any CPU.ActiveCfg = Debug|Any CPU
		{B6B911F7-1CC6-4FD8-93E2-1E252C85B4CD}.Debug|Any CPU.Build.0 = Debug|Any CPU
		{B6B911F7-1CC6-4FD8-93E2-1E252C85B4CD}.Release|Any CPU.ActiveCfg = Release|Any CPU
		{B6B911F7-1CC6-4FD8-93E2-1E252C85B4CD}.Release|Any CPU.Build.0 = Release|Any CPU
		{A41E6740-C08A-4F87-AE67-3CD1A0FC8028}.Debug|Any CPU.ActiveCfg = Debug|Any CPU
		{A41E6740-C08A-4F87-AE67-3CD1A0FC8028}.Debug|Any CPU.Build.0 = Debug|Any CPU
		{A41E6740-C08A-4F87-AE67-3CD1A0FC8028}.Release|Any CPU.ActiveCfg = Release|Any CPU
		{A41E6740-C08A-4F87-AE67-3CD1A0FC8028}.Release|Any CPU.Build.0 = Release|Any CPU
		{4F937AD4-CC98-43B1-91D3-E2510E447138}.Debug|Any CPU.ActiveCfg = Debug|Any CPU
		{4F937AD4-CC98-43B1-91D3-E2510E447138}.Debug|Any CPU.Build.0 = Debug|Any CPU
		{4F937AD4-CC98-43B1-91D3-E2510E447138}.Release|Any CPU.ActiveCfg = Release|Any CPU
		{4F937AD4-CC98-43B1-91D3-E2510E447138}.Release|Any CPU.Build.0 = Release|Any CPU
	EndGlobalSection
	GlobalSection(NestedProjects) = preSolution
		{0BAF3E12-9901-4874-B3F2-C42EDD74E52D} = {D47A46D2-75F6-4DAA-B626-E49CECBBD81E}
		{19D50B2A-19C6-4052-A924-8130346263A1} = {3B84FA98-DDB5-424C-9E0B-803CF89A0480}
		{8DB15E70-7132-4D26-9B15-9957A8046D46} = {7B2519B6-34ED-40D8-9D46-3C69E4BDDD93}
		{115F00E1-3C0D-4B7C-A48E-840FFBA76410} = {3B84FA98-DDB5-424C-9E0B-803CF89A0480}
		{21C1A48E-C80F-471B-A092-C70EC02C700F} = {9344A489-6AC0-47DA-AC2A-2F21CDEDB159}
		{65D88CBC-4366-47B1-8FCC-85D0C09D9D6B} = {21C1A48E-C80F-471B-A092-C70EC02C700F}
		{B6B911F7-1CC6-4FD8-93E2-1E252C85B4CD} = {21C1A48E-C80F-471B-A092-C70EC02C700F}
		{17158A78-43BE-4BA2-B554-6750E597F08F} = {D47A46D2-75F6-4DAA-B626-E49CECBBD81E}
		{5281E870-2A40-41BC-9F50-842E36039FB0} = {D47A46D2-75F6-4DAA-B626-E49CECBBD81E}
		{A41E6740-C08A-4F87-AE67-3CD1A0FC8028} = {5281E870-2A40-41BC-9F50-842E36039FB0}
		{4F937AD4-CC98-43B1-91D3-E2510E447138} = {5281E870-2A40-41BC-9F50-842E36039FB0}
	EndGlobalSection
EndGlobal
