
Microsoft Visual Studio Solution File, Format Version 12.00
Project("{2150E333-8FDC-42A3-9474-1A3956D46DE8}") = "Providers", "Providers", "{3B84FA98-DDB5-424C-9E0B-803CF89A0480}"
EndProject
Project("{FAE04EC0-301F-11D3-BF4B-00C04F79EFBC}") = "Core", "Core\Core.csproj", "{89473614-3375-4624-92C2-01019BAF5A35}"
EndProject
Project("{FAE04EC0-301F-11D3-BF4B-00C04F79EFBC}") = "Data.Sql", "Data.Sql\Data.Sql.csproj", "{0BAF3E12-9901-4874-B3F2-C42EDD74E52D}"
EndProject
Project("{FAE04EC0-301F-11D3-BF4B-00C04F79EFBC}") = "Queries", "Queries\Queries.csproj", "{17158A78-43BE-4BA2-B554-6750E597F08F}"
EndProject
Project("{FAE04EC0-301F-11D3-BF4B-00C04F79EFBC}") = "Application", "Application\Application.csproj", "{8DB15E70-7132-4D26-9B15-9957A8046D46}"
EndProject
Project("{FAE04EC0-301F-11D3-BF4B-00C04F79EFBC}") = "Data.InMemory", "Data.InMemory\Data.InMemory.csproj", "{84E08CC3-9899-47AC-8907-1502BA6568C0}"
EndProject
Project("{2150E333-8FDC-42A3-9474-1A3956D46DE8}") = "Data", "Data", "{D47A46D2-75F6-4DAA-B626-E49CECBBD81E}"
EndProject
Project("{FAE04EC0-301F-11D3-BF4B-00C04F79EFBC}") = "MinIO.Storage", "Providers\MinIO.Storage\MinIO.Storage.csproj", "{19D50B2A-19C6-4052-A924-8130346263A1}"
EndProject
Project("{FAE04EC0-301F-11D3-BF4B-00C04F79EFBC}") = "Minio.Test", "Providers\Minio.Test\Minio.Test.csproj", "{99402D66-4F70-4A28-B0BA-EBDE5ACBB132}"
EndProject
Project("{2150E333-8FDC-42A3-9474-1A3956D46DE8}") = "Replicators", "Replicators", "{7086E015-55D9-4A3B-BF21-3C1F1013276D}"
EndProject
Project("{2150E333-8FDC-42A3-9474-1A3956D46DE8}") = "Docker", "Docker", "{313DBB27-8C73-401A-A93D-BD14F578E530}"
	ProjectSection(SolutionItems) = preProject
		Dockerfile = Dockerfile
		.dockerignore = .dockerignore
	EndProjectSection
EndProject
Project("{2150E333-8FDC-42A3-9474-1A3956D46DE8}") = "Application", "Application", "{7B2519B6-34ED-40D8-9D46-3C69E4BDDD93}"
EndProject
Project("{FAE04EC0-301F-11D3-BF4B-00C04F79EFBC}") = "Data.Caching", "Data.Caching\Data.Caching.csproj", "{F0D567A1-1A90-457A-AEFB-7A95977F95C9}"
EndProject
Global
	GlobalSection(SolutionConfigurationPlatforms) = preSolution
		Debug|Any CPU = Debug|Any CPU
		Release|Any CPU = Release|Any CPU
	EndGlobalSection
	GlobalSection(ProjectConfigurationPlatforms) = postSolution
		{89473614-3375-4624-92C2-01019BAF5A35}.Debug|Any CPU.ActiveCfg = Debug|Any CPU
		{89473614-3375-4624-92C2-01019BAF5A35}.Debug|Any CPU.Build.0 = Debug|Any CPU
		{89473614-3375-4624-92C2-01019BAF5A35}.Release|Any CPU.ActiveCfg = Release|Any CPU
		{89473614-3375-4624-92C2-01019BAF5A35}.Release|Any CPU.Build.0 = Release|Any CPU
		{0BAF3E12-9901-4874-B3F2-C42EDD74E52D}.Debug|Any CPU.ActiveCfg = Debug|Any CPU
		{0BAF3E12-9901-4874-B3F2-C42EDD74E52D}.Debug|Any CPU.Build.0 = Debug|Any CPU
		{0BAF3E12-9901-4874-B3F2-C42EDD74E52D}.Release|Any CPU.ActiveCfg = Release|Any CPU
		{0BAF3E12-9901-4874-B3F2-C42EDD74E52D}.Release|Any CPU.Build.0 = Release|Any CPU
		{17158A78-43BE-4BA2-B554-6750E597F08F}.Debug|Any CPU.ActiveCfg = Debug|Any CPU
		{17158A78-43BE-4BA2-B554-6750E597F08F}.Debug|Any CPU.Build.0 = Debug|Any CPU
		{17158A78-43BE-4BA2-B554-6750E597F08F}.Release|Any CPU.ActiveCfg = Release|Any CPU
		{17158A78-43BE-4BA2-B554-6750E597F08F}.Release|Any CPU.Build.0 = Release|Any CPU
		{8DB15E70-7132-4D26-9B15-9957A8046D46}.Debug|Any CPU.ActiveCfg = Debug|Any CPU
		{8DB15E70-7132-4D26-9B15-9957A8046D46}.Debug|Any CPU.Build.0 = Debug|Any CPU
		{8DB15E70-7132-4D26-9B15-9957A8046D46}.Release|Any CPU.ActiveCfg = Release|Any CPU
		{8DB15E70-7132-4D26-9B15-9957A8046D46}.Release|Any CPU.Build.0 = Release|Any CPU
		{84E08CC3-9899-47AC-8907-1502BA6568C0}.Debug|Any CPU.ActiveCfg = Debug|Any CPU
		{84E08CC3-9899-47AC-8907-1502BA6568C0}.Debug|Any CPU.Build.0 = Debug|Any CPU
		{84E08CC3-9899-47AC-8907-1502BA6568C0}.Release|Any CPU.ActiveCfg = Release|Any CPU
		{84E08CC3-9899-47AC-8907-1502BA6568C0}.Release|Any CPU.Build.0 = Release|Any CPU
		{19D50B2A-19C6-4052-A924-8130346263A1}.Debug|Any CPU.ActiveCfg = Debug|Any CPU
		{19D50B2A-19C6-4052-A924-8130346263A1}.Debug|Any CPU.Build.0 = Debug|Any CPU
		{19D50B2A-19C6-4052-A924-8130346263A1}.Release|Any CPU.ActiveCfg = Release|Any CPU
		{19D50B2A-19C6-4052-A924-8130346263A1}.Release|Any CPU.Build.0 = Release|Any CPU
		{99402D66-4F70-4A28-B0BA-EBDE5ACBB132}.Debug|Any CPU.ActiveCfg = Debug|Any CPU
		{99402D66-4F70-4A28-B0BA-EBDE5ACBB132}.Debug|Any CPU.Build.0 = Debug|Any CPU
		{99402D66-4F70-4A28-B0BA-EBDE5ACBB132}.Release|Any CPU.ActiveCfg = Release|Any CPU
		{99402D66-4F70-4A28-B0BA-EBDE5ACBB132}.Release|Any CPU.Build.0 = Release|Any CPU
		{F0D567A1-1A90-457A-AEFB-7A95977F95C9}.Debug|Any CPU.ActiveCfg = Debug|Any CPU
		{F0D567A1-1A90-457A-AEFB-7A95977F95C9}.Debug|Any CPU.Build.0 = Debug|Any CPU
		{F0D567A1-1A90-457A-AEFB-7A95977F95C9}.Release|Any CPU.ActiveCfg = Release|Any CPU
		{F0D567A1-1A90-457A-AEFB-7A95977F95C9}.Release|Any CPU.Build.0 = Release|Any CPU
	EndGlobalSection
	GlobalSection(NestedProjects) = preSolution
		{84E08CC3-9899-47AC-8907-1502BA6568C0} = {D47A46D2-75F6-4DAA-B626-E49CECBBD81E}
		{0BAF3E12-9901-4874-B3F2-C42EDD74E52D} = {D47A46D2-75F6-4DAA-B626-E49CECBBD81E}
		{19D50B2A-19C6-4052-A924-8130346263A1} = {3B84FA98-DDB5-424C-9E0B-803CF89A0480}
		{7086E015-55D9-4A3B-BF21-3C1F1013276D} = {3B84FA98-DDB5-424C-9E0B-803CF89A0480}
		{99402D66-4F70-4A28-B0BA-EBDE5ACBB132} = {7086E015-55D9-4A3B-BF21-3C1F1013276D}
		{17158A78-43BE-4BA2-B554-6750E597F08F} = {7B2519B6-34ED-40D8-9D46-3C69E4BDDD93}
		{8DB15E70-7132-4D26-9B15-9957A8046D46} = {7B2519B6-34ED-40D8-9D46-3C69E4BDDD93}
		{F0D567A1-1A90-457A-AEFB-7A95977F95C9} = {D47A46D2-75F6-4DAA-B626-E49CECBBD81E}
	EndGlobalSection
EndGlobal
