
Microsoft Visual Studio Solution File, Format Version 12.00
Project("{2150E333-8FDC-42A3-9474-1A3956D46DE8}") = "Providers", "Providers", "{3B84FA98-DDB5-424C-9E0B-803CF89A0480}"
EndProject
Project("{FAE04EC0-301F-11D3-BF4B-00C04F79EFBC}") = "Core", "Core\Core.csproj", "{89473614-3375-4624-92C2-01019BAF5A35}"
EndProject
Project("{FAE04EC0-301F-11D3-BF4B-00C04F79EFBC}") = "Data.Sql", "Data.Sql\Data.Sql.csproj", "{0BAF3E12-9901-4874-B3F2-C42EDD74E52D}"
EndProject
Project("{FAE04EC0-301F-11D3-BF4B-00C04F79EFBC}") = "Queries", "Queries\Queries.csproj", "{17158A78-43BE-4BA2-B554-6750E597F08F}"
EndProject
Project("{FAE04EC0-301F-11D3-BF4B-00C04F79EFBC}") = "Application", "Application\Application.csproj", "{8DB15E70-7132-4D26-9B15-9957A8046D46}"
EndProject
Project("{FAE04EC0-301F-11D3-BF4B-00C04F79EFBC}") = "Providers.Abstractions", "Providers.Abstractions\Providers.Abstractions.csproj", "{611E7299-CAF9-4412-B4C8-2D1CD41106C2}"
EndProject
Project("{FAE04EC0-301F-11D3-BF4B-00C04F79EFBC}") = "MinIO.Storage", "MinIO.Storage\MinIO.Storage.csproj", "{F0702247-7E06-4C12-94E2-FFAA2589E407}"
EndProject
Project("{FAE04EC0-301F-11D3-BF4B-00C04F79EFBC}") = "Minio.Test", "Minio.Test\Minio.Test.csproj", "{9927DA5C-8280-4F27-964F-FF8A7B228BE6}"
EndProject
Project("{FAE04EC0-301F-11D3-BF4B-00C04F79EFBC}") = "Data.InMemory", "Data.InMemory\Data.InMemory.csproj", "{84E08CC3-9899-47AC-8907-1502BA6568C0}"
EndProject
Project("{FAE04EC0-301F-11D3-BF4B-00C04F79EFBC}") = "MinIO.Sample", "MinIO.Sample\MinIO.Sample.csproj", "{CA4B91DD-A05F-456B-BD13-B4446108F1D8}"
EndProject
Global
	GlobalSection(SolutionConfigurationPlatforms) = preSolution
		Debug|Any CPU = Debug|Any CPU
		Release|Any CPU = Release|Any CPU
	EndGlobalSection
	GlobalSection(ProjectConfigurationPlatforms) = postSolution
		{89473614-3375-4624-92C2-01019BAF5A35}.Debug|Any CPU.ActiveCfg = Debug|Any CPU
		{89473614-3375-4624-92C2-01019BAF5A35}.Debug|Any CPU.Build.0 = Debug|Any CPU
		{89473614-3375-4624-92C2-01019BAF5A35}.Release|Any CPU.ActiveCfg = Release|Any CPU
		{89473614-3375-4624-92C2-01019BAF5A35}.Release|Any CPU.Build.0 = Release|Any CPU
		{0BAF3E12-9901-4874-B3F2-C42EDD74E52D}.Debug|Any CPU.ActiveCfg = Debug|Any CPU
		{0BAF3E12-9901-4874-B3F2-C42EDD74E52D}.Debug|Any CPU.Build.0 = Debug|Any CPU
		{0BAF3E12-9901-4874-B3F2-C42EDD74E52D}.Release|Any CPU.ActiveCfg = Release|Any CPU
		{0BAF3E12-9901-4874-B3F2-C42EDD74E52D}.Release|Any CPU.Build.0 = Release|Any CPU
		{17158A78-43BE-4BA2-B554-6750E597F08F}.Debug|Any CPU.ActiveCfg = Debug|Any CPU
		{17158A78-43BE-4BA2-B554-6750E597F08F}.Debug|Any CPU.Build.0 = Debug|Any CPU
		{17158A78-43BE-4BA2-B554-6750E597F08F}.Release|Any CPU.ActiveCfg = Release|Any CPU
		{17158A78-43BE-4BA2-B554-6750E597F08F}.Release|Any CPU.Build.0 = Release|Any CPU
		{8DB15E70-7132-4D26-9B15-9957A8046D46}.Debug|Any CPU.ActiveCfg = Debug|Any CPU
		{8DB15E70-7132-4D26-9B15-9957A8046D46}.Debug|Any CPU.Build.0 = Debug|Any CPU
		{8DB15E70-7132-4D26-9B15-9957A8046D46}.Release|Any CPU.ActiveCfg = Release|Any CPU
		{8DB15E70-7132-4D26-9B15-9957A8046D46}.Release|Any CPU.Build.0 = Release|Any CPU
		{611E7299-CAF9-4412-B4C8-2D1CD41106C2}.Debug|Any CPU.ActiveCfg = Debug|Any CPU
		{611E7299-CAF9-4412-B4C8-2D1CD41106C2}.Debug|Any CPU.Build.0 = Debug|Any CPU
		{611E7299-CAF9-4412-B4C8-2D1CD41106C2}.Release|Any CPU.ActiveCfg = Release|Any CPU
		{611E7299-CAF9-4412-B4C8-2D1CD41106C2}.Release|Any CPU.Build.0 = Release|Any CPU
		{F0702247-7E06-4C12-94E2-FFAA2589E407}.Debug|Any CPU.ActiveCfg = Debug|Any CPU
		{F0702247-7E06-4C12-94E2-FFAA2589E407}.Debug|Any CPU.Build.0 = Debug|Any CPU
		{F0702247-7E06-4C12-94E2-FFAA2589E407}.Release|Any CPU.ActiveCfg = Release|Any CPU
		{F0702247-7E06-4C12-94E2-FFAA2589E407}.Release|Any CPU.Build.0 = Release|Any CPU
		{9927DA5C-8280-4F27-964F-FF8A7B228BE6}.Debug|Any CPU.ActiveCfg = Debug|Any CPU
		{9927DA5C-8280-4F27-964F-FF8A7B228BE6}.Debug|Any CPU.Build.0 = Debug|Any CPU
		{9927DA5C-8280-4F27-964F-FF8A7B228BE6}.Release|Any CPU.ActiveCfg = Release|Any CPU
		{9927DA5C-8280-4F27-964F-FF8A7B228BE6}.Release|Any CPU.Build.0 = Release|Any CPU
		{84E08CC3-9899-47AC-8907-1502BA6568C0}.Debug|Any CPU.ActiveCfg = Debug|Any CPU
		{84E08CC3-9899-47AC-8907-1502BA6568C0}.Debug|Any CPU.Build.0 = Debug|Any CPU
		{84E08CC3-9899-47AC-8907-1502BA6568C0}.Release|Any CPU.ActiveCfg = Release|Any CPU
		{84E08CC3-9899-47AC-8907-1502BA6568C0}.Release|Any CPU.Build.0 = Release|Any CPU
		{CA4B91DD-A05F-456B-BD13-B4446108F1D8}.Debug|Any CPU.ActiveCfg = Debug|Any CPU
		{CA4B91DD-A05F-456B-BD13-B4446108F1D8}.Debug|Any CPU.Build.0 = Debug|Any CPU
		{CA4B91DD-A05F-456B-BD13-B4446108F1D8}.Release|Any CPU.ActiveCfg = Release|Any CPU
		{CA4B91DD-A05F-456B-BD13-B4446108F1D8}.Release|Any CPU.Build.0 = Release|Any CPU
	EndGlobalSection
	GlobalSection(NestedProjects) = preSolution
		{F0702247-7E06-4C12-94E2-FFAA2589E407} = {3B84FA98-DDB5-424C-9E0B-803CF89A0480}
		{9927DA5C-8280-4F27-964F-FF8A7B228BE6} = {3B84FA98-DDB5-424C-9E0B-803CF89A0480}
		{CA4B91DD-A05F-456B-BD13-B4446108F1D8} = {3B84FA98-DDB5-424C-9E0B-803CF89A0480}
	EndGlobalSection
EndGlobal
